# This file is automatically @generated by Cargo.
# It is not intended for manual editing.
version = 4

[[package]]
name = "count-digits"
version = "0.1.0"

[[package]]
name = "factorial"
version = "0.1.0"

[[package]]
name = "fibonacci-number"
version = "0.1.0"

[[package]]
name = "find-maximum"
version = "0.1.0"

[[package]]
name = "fizzbuzz"
version = "0.1.0"

[[package]]
name = "palindrome-number"
version = "0.1.0"

[[package]]
name = "reverse-string"
version = "0.1.0"

[[package]]
name = "sum_of_array"
version = "0.1.0"

[[package]]
name = "two-sum"
version = "0.1.0"
