# This file is automatically @generated by Cargo.
# It is not intended for manual editing.
version = 4

[[package]]
name = "celsius-to-fahrenheit"
version = "0.1.0"

[[package]]
name = "count-digits"
version = "0.1.0"

[[package]]
name = "count-vowels"
version = "0.1.0"

[[package]]
name = "even-or-odd"
version = "0.1.0"

[[package]]
name = "factorial"
version = "0.1.0"

[[package]]
name = "fibonacci-number"
version = "0.1.0"

[[package]]
name = "find-maximum"
version = "0.1.0"

[[package]]
name = "find-minimum"
version = "0.1.0"

[[package]]
name = "fizzbuzz"
version = "0.1.0"

[[package]]
name = "leap-year"
version = "0.1.0"

[[package]]
name = "palindrome-number"
version = "0.1.0"

[[package]]
name = "prime-number-check"
version = "0.1.0"

[[package]]
name = "remove-duplicates-from-sorted-array"
version = "0.1.0"

[[package]]
name = "reverse-integer"
version = "0.1.0"

[[package]]
name = "reverse-string"
version = "0.1.0"

[[package]]
name = "sum_of_array"
version = "0.1.0"

[[package]]
name = "swap-two-numbers"
version = "0.1.0"

[[package]]
name = "two-sum"
version = "0.1.0"
